
Microsoft Visual Studio Solution File, Format Version 12.00
# Visual Studio Version 17
VisualStudioVersion = 17.5.33627.172
MinimumVisualStudioVersion = 10.0.40219.1
Project("{FAE04EC0-301F-11D3-BF4B-00C04F79EFBC}") = "GameStore.WebUI", "GameStore.WebUI\GameStore.WebUI.csproj", "{19654C70-83A6-4FD5-A5FA-CE30ACC71141}"
EndProject
Project("{FAE04EC0-301F-11D3-BF4B-00C04F79EFBC}") = "GameStore.UnitTests", "GameStore.UnitTests\GameStore.UnitTests.csproj", "{F9F94053-1466-4728-BE9A-2EB811BAADB5}"
EndProject
Project("{FAE04EC0-301F-11D3-BF4B-00C04F79EFBC}") = "GameStore.Domain", "GameStore.Domain\GameStore.Domain.csproj", "{53B4D7EF-9FC2-453C-8949-CCF0CFDED7CF}"
EndProject
Global
	GlobalSection(SolutionConfigurationPlatforms) = preSolution
		Debug|Any CPU = Debug|Any CPU
		Release|Any CPU = Release|Any CPU
	EndGlobalSection
	GlobalSection(ProjectConfigurationPlatforms) = postSolution
		{19654C70-83A6-4FD5-A5FA-CE30ACC71141}.Debug|Any CPU.ActiveCfg = Debug|Any CPU
		{19654C70-83A6-4FD5-A5FA-CE30ACC71141}.Debug|Any CPU.Build.0 = Debug|Any CPU
		{19654C70-83A6-4FD5-A5FA-CE30ACC71141}.Release|Any CPU.ActiveCfg = Release|Any CPU
		{19654C70-83A6-4FD5-A5FA-CE30ACC71141}.Release|Any CPU.Build.0 = Release|Any CPU
		{F9F94053-1466-4728-BE9A-2EB811BAADB5}.Debug|Any CPU.ActiveCfg = Debug|Any CPU
		{F9F94053-1466-4728-BE9A-2EB811BAADB5}.Debug|Any CPU.Build.0 = Debug|Any CPU
		{F9F94053-1466-4728-BE9A-2EB811BAADB5}.Release|Any CPU.ActiveCfg = Release|Any CPU
		{F9F94053-1466-4728-BE9A-2EB811BAADB5}.Release|Any CPU.Build.0 = Release|Any CPU
		{53B4D7EF-9FC2-453C-8949-CCF0CFDED7CF}.Debug|Any CPU.ActiveCfg = Debug|Any CPU
		{53B4D7EF-9FC2-453C-8949-CCF0CFDED7CF}.Debug|Any CPU.Build.0 = Debug|Any CPU
		{53B4D7EF-9FC2-453C-8949-CCF0CFDED7CF}.Release|Any CPU.ActiveCfg = Release|Any CPU
		{53B4D7EF-9FC2-453C-8949-CCF0CFDED7CF}.Release|Any CPU.Build.0 = Release|Any CPU
	EndGlobalSection
	GlobalSection(SolutionProperties) = preSolution
		HideSolutionNode = FALSE
	EndGlobalSection
	GlobalSection(ExtensibilityGlobals) = postSolution
		SolutionGuid = {E7CE1D38-F7DF-429E-9E9E-2E8550D0C714}
	EndGlobalSection
EndGlobal
